
Microsoft Visual Studio Solution File, Format Version 12.00
# Visual Studio Version 17
VisualStudioVersion = 17.3.32819.101
MinimumVisualStudioVersion = 10.0.40219.1
Project("{9A19103F-16F7-4668-BE54-9A1E7A4F7556}") = "Realm.Console", "Realm.Console\Realm.Console.csproj", "{45D93C1E-8D67-4CD3-B40A-1B5A19D4BC38}"
EndProject
Project("{9A19103F-16F7-4668-BE54-9A1E7A4F7556}") = "Realm.Server", "Realm.Server\Realm.Server.csproj", "{2F28E678-3F92-4314-8DBA-543C494DCEE2}"
EndProject
Project("{2150E333-8FDC-42A3-9474-1A3956D46DE8}") = "Infrastructure", "Infrastructure", "{FF8A52BA-23E6-4192-A37D-7693642A9BCE}"
EndProject
Project("{9A19103F-16F7-4668-BE54-9A1E7A4F7556}") = "Realm.Persistance", "Realm.Persistance\Realm.Persistance.csproj", "{7DDBEF8D-43FF-4778-9CB3-158DDFEF6EDA}"
EndProject
Project("{9A19103F-16F7-4668-BE54-9A1E7A4F7556}") = "Realm.Persistance.SQLite", "Realm.Persistance.SQLite\Realm.Persistance.SQLite.csproj", "{21D5188B-9C09-4372-B143-8E99C917CC02}"
EndProject
Project("{9A19103F-16F7-4668-BE54-9A1E7A4F7556}") = "Realm.Scripting", "Realm.Scripting\Realm.Scripting.csproj", "{03AFE959-37FE-49F8-B86F-8D44A0BB5CBE}"
EndProject
Project("{9A19103F-16F7-4668-BE54-9A1E7A4F7556}") = "Realm.Discord", "Realm.Discord\Realm.Discord.csproj", "{0BCE6CE9-657D-4BEB-A1C7-94CF6E631BD2}"
EndProject
Project("{9A19103F-16F7-4668-BE54-9A1E7A4F7556}") = "Realm.Interfaces", "Realm.Interfaces\Realm.Interfaces.csproj", "{83778BBA-6B63-480F-8946-8986396C2756}"
EndProject
Project("{9A19103F-16F7-4668-BE54-9A1E7A4F7556}") = "Realm.Tests", "Realm.Tests\Realm.Tests.csproj", "{34808A81-F2EA-4B91-A69C-8B0D47AA02F4}"
EndProject
Project("{9A19103F-16F7-4668-BE54-9A1E7A4F7556}") = "Realm.Common", "Realm.Common\Realm.Common.csproj", "{DB48C5CE-FDDA-4790-8D40-97320F39F65C}"
EndProject
Project("{9A19103F-16F7-4668-BE54-9A1E7A4F7556}") = "Realm.Configuration", "Realm.Configuration\Realm.Configuration.csproj", "{22B462AD-74A2-44F2-9D20-6B4C78CF4681}"
EndProject
Project("{9A19103F-16F7-4668-BE54-9A1E7A4F7556}") = "Realm.MTARPGServer", "Realm.MTARPGServer\Realm.MTARPGServer.csproj", "{6AD80302-4597-4F95-94F2-F6F6076C9127}"
EndProject
Project("{9A19103F-16F7-4668-BE54-9A1E7A4F7556}") = "Realm.WebApp", "Realm.WebApp\Realm.WebApp.csproj", "{F0BAB8CC-D627-46C1-BEEB-86ED7E3B090F}"
EndProject
Project("{9A19103F-16F7-4668-BE54-9A1E7A4F7556}") = "Realm.Logging", "Realm.Logging\Realm.Logging.csproj", "{BBE03435-D579-40C6-8107-1DE73AEFE697}"
EndProject
Project("{2150E333-8FDC-42A3-9474-1A3956D46DE8}") = "Sample servers", "Sample servers", "{E154567C-A804-4377-AE57-1E6DB6B4413A}"
EndProject
Project("{2150E333-8FDC-42A3-9474-1A3956D46DE8}") = "Solution Items", "Solution Items", "{1B9BCE9B-D077-4408-820D-BCA7AC3C5400}"
	ProjectSection(SolutionItems) = preProject
		.editorconfig = .editorconfig
	EndProjectSection
EndProject
Project("{2150E333-8FDC-42A3-9474-1A3956D46DE8}") = "Modules", "Modules", "{01E2DC68-5BB7-4131-9F15-7669E28F8330}"
EndProject
Project("{2150E333-8FDC-42A3-9474-1A3956D46DE8}") = "Resources", "Resources", "{28944775-A0AF-46D4-9480-D6F4189002B7}"
EndProject
Project("{9A19103F-16F7-4668-BE54-9A1E7A4F7556}") = "Realm.Resources.AgnosticGuiSystem", "Realm.Resources.AgnosticGuiSystem\Realm.Resources.AgnosticGuiSystem.csproj", "{8866FE04-0132-45EB-8CCD-635B718627D1}"
EndProject
Project("{2150E333-8FDC-42A3-9474-1A3956D46DE8}") = "Addons", "Addons", "{9D22264B-12E5-4387-AD6F-BF9D4AE42C3C}"
EndProject
Project("{9A19103F-16F7-4668-BE54-9A1E7A4F7556}") = "Realm.Resources.Addons.AgnosticGuiSystem.CeGuiProvider", "Realm.Resources.Addons.AgnosticGuiSystem.CeGuiProvider\Realm.Resources.Addons.AgnosticGuiSystem.CeGuiProvider.csproj", "{E958D376-3262-432A-9589-4BB908D71839}"
EndProject
Project("{9A19103F-16F7-4668-BE54-9A1E7A4F7556}") = "Realm.Resources.Addons.Common", "Realm.Resources.Addons.Common\Realm.Resources.Addons.Common.csproj", "{4161187D-8196-4B54-AE91-D0A322D02D92}"
EndProject
Project("{9A19103F-16F7-4668-BE54-9A1E7A4F7556}") = "Realm.Resources.LuaInterop", "Realm.Resources.LuaInterop\Realm.Resources.LuaInterop.csproj", "{F8E56A0F-1748-42F3-8854-05C8D47F0333}"
EndProject
Project("{FAE04EC0-301F-11D3-BF4B-00C04F79EFBC}") = "Realm.Resources.ElementOutline", "RealmResources.ElementOutline\Realm.Resources.ElementOutline.csproj", "{619E271B-C4F4-4904-958E-5A90242E5001}"
EndProject
Global
	GlobalSection(SolutionConfigurationPlatforms) = preSolution
		Debug|Any CPU = Debug|Any CPU
		Release|Any CPU = Release|Any CPU
	EndGlobalSection
	GlobalSection(ProjectConfigurationPlatforms) = postSolution
		{45D93C1E-8D67-4CD3-B40A-1B5A19D4BC38}.Debug|Any CPU.ActiveCfg = Debug|Any CPU
		{45D93C1E-8D67-4CD3-B40A-1B5A19D4BC38}.Debug|Any CPU.Build.0 = Debug|Any CPU
		{45D93C1E-8D67-4CD3-B40A-1B5A19D4BC38}.Release|Any CPU.ActiveCfg = Release|Any CPU
		{45D93C1E-8D67-4CD3-B40A-1B5A19D4BC38}.Release|Any CPU.Build.0 = Release|Any CPU
		{2F28E678-3F92-4314-8DBA-543C494DCEE2}.Debug|Any CPU.ActiveCfg = Debug|Any CPU
		{2F28E678-3F92-4314-8DBA-543C494DCEE2}.Debug|Any CPU.Build.0 = Debug|Any CPU
		{2F28E678-3F92-4314-8DBA-543C494DCEE2}.Release|Any CPU.ActiveCfg = Release|Any CPU
		{2F28E678-3F92-4314-8DBA-543C494DCEE2}.Release|Any CPU.Build.0 = Release|Any CPU
		{7DDBEF8D-43FF-4778-9CB3-158DDFEF6EDA}.Debug|Any CPU.ActiveCfg = Debug|Any CPU
		{7DDBEF8D-43FF-4778-9CB3-158DDFEF6EDA}.Debug|Any CPU.Build.0 = Debug|Any CPU
		{7DDBEF8D-43FF-4778-9CB3-158DDFEF6EDA}.Release|Any CPU.ActiveCfg = Release|Any CPU
		{7DDBEF8D-43FF-4778-9CB3-158DDFEF6EDA}.Release|Any CPU.Build.0 = Release|Any CPU
		{21D5188B-9C09-4372-B143-8E99C917CC02}.Debug|Any CPU.ActiveCfg = Debug|Any CPU
		{21D5188B-9C09-4372-B143-8E99C917CC02}.Debug|Any CPU.Build.0 = Debug|Any CPU
		{21D5188B-9C09-4372-B143-8E99C917CC02}.Release|Any CPU.ActiveCfg = Release|Any CPU
		{21D5188B-9C09-4372-B143-8E99C917CC02}.Release|Any CPU.Build.0 = Release|Any CPU
		{03AFE959-37FE-49F8-B86F-8D44A0BB5CBE}.Debug|Any CPU.ActiveCfg = Debug|Any CPU
		{03AFE959-37FE-49F8-B86F-8D44A0BB5CBE}.Debug|Any CPU.Build.0 = Debug|Any CPU
		{03AFE959-37FE-49F8-B86F-8D44A0BB5CBE}.Release|Any CPU.ActiveCfg = Release|Any CPU
		{03AFE959-37FE-49F8-B86F-8D44A0BB5CBE}.Release|Any CPU.Build.0 = Release|Any CPU
		{0BCE6CE9-657D-4BEB-A1C7-94CF6E631BD2}.Debug|Any CPU.ActiveCfg = Debug|Any CPU
		{0BCE6CE9-657D-4BEB-A1C7-94CF6E631BD2}.Debug|Any CPU.Build.0 = Debug|Any CPU
		{0BCE6CE9-657D-4BEB-A1C7-94CF6E631BD2}.Release|Any CPU.ActiveCfg = Release|Any CPU
		{0BCE6CE9-657D-4BEB-A1C7-94CF6E631BD2}.Release|Any CPU.Build.0 = Release|Any CPU
		{83778BBA-6B63-480F-8946-8986396C2756}.Debug|Any CPU.ActiveCfg = Debug|Any CPU
		{83778BBA-6B63-480F-8946-8986396C2756}.Debug|Any CPU.Build.0 = Debug|Any CPU
		{83778BBA-6B63-480F-8946-8986396C2756}.Release|Any CPU.ActiveCfg = Release|Any CPU
		{83778BBA-6B63-480F-8946-8986396C2756}.Release|Any CPU.Build.0 = Release|Any CPU
		{34808A81-F2EA-4B91-A69C-8B0D47AA02F4}.Debug|Any CPU.ActiveCfg = Debug|Any CPU
		{34808A81-F2EA-4B91-A69C-8B0D47AA02F4}.Debug|Any CPU.Build.0 = Debug|Any CPU
		{34808A81-F2EA-4B91-A69C-8B0D47AA02F4}.Release|Any CPU.ActiveCfg = Release|Any CPU
		{34808A81-F2EA-4B91-A69C-8B0D47AA02F4}.Release|Any CPU.Build.0 = Release|Any CPU
		{DB48C5CE-FDDA-4790-8D40-97320F39F65C}.Debug|Any CPU.ActiveCfg = Debug|Any CPU
		{DB48C5CE-FDDA-4790-8D40-97320F39F65C}.Debug|Any CPU.Build.0 = Debug|Any CPU
		{DB48C5CE-FDDA-4790-8D40-97320F39F65C}.Release|Any CPU.ActiveCfg = Release|Any CPU
		{DB48C5CE-FDDA-4790-8D40-97320F39F65C}.Release|Any CPU.Build.0 = Release|Any CPU
		{22B462AD-74A2-44F2-9D20-6B4C78CF4681}.Debug|Any CPU.ActiveCfg = Debug|Any CPU
		{22B462AD-74A2-44F2-9D20-6B4C78CF4681}.Debug|Any CPU.Build.0 = Debug|Any CPU
		{22B462AD-74A2-44F2-9D20-6B4C78CF4681}.Release|Any CPU.ActiveCfg = Release|Any CPU
		{22B462AD-74A2-44F2-9D20-6B4C78CF4681}.Release|Any CPU.Build.0 = Release|Any CPU
		{6AD80302-4597-4F95-94F2-F6F6076C9127}.Debug|Any CPU.ActiveCfg = Debug|Any CPU
		{6AD80302-4597-4F95-94F2-F6F6076C9127}.Debug|Any CPU.Build.0 = Debug|Any CPU
		{6AD80302-4597-4F95-94F2-F6F6076C9127}.Release|Any CPU.ActiveCfg = Release|Any CPU
		{6AD80302-4597-4F95-94F2-F6F6076C9127}.Release|Any CPU.Build.0 = Release|Any CPU
		{F0BAB8CC-D627-46C1-BEEB-86ED7E3B090F}.Debug|Any CPU.ActiveCfg = Debug|Any CPU
		{F0BAB8CC-D627-46C1-BEEB-86ED7E3B090F}.Debug|Any CPU.Build.0 = Debug|Any CPU
		{F0BAB8CC-D627-46C1-BEEB-86ED7E3B090F}.Release|Any CPU.ActiveCfg = Release|Any CPU
		{F0BAB8CC-D627-46C1-BEEB-86ED7E3B090F}.Release|Any CPU.Build.0 = Release|Any CPU
		{BBE03435-D579-40C6-8107-1DE73AEFE697}.Debug|Any CPU.ActiveCfg = Debug|Any CPU
		{BBE03435-D579-40C6-8107-1DE73AEFE697}.Debug|Any CPU.Build.0 = Debug|Any CPU
		{BBE03435-D579-40C6-8107-1DE73AEFE697}.Release|Any CPU.ActiveCfg = Release|Any CPU
		{BBE03435-D579-40C6-8107-1DE73AEFE697}.Release|Any CPU.Build.0 = Release|Any CPU
		{8866FE04-0132-45EB-8CCD-635B718627D1}.Debug|Any CPU.ActiveCfg = Debug|Any CPU
		{8866FE04-0132-45EB-8CCD-635B718627D1}.Debug|Any CPU.Build.0 = Debug|Any CPU
		{8866FE04-0132-45EB-8CCD-635B718627D1}.Release|Any CPU.ActiveCfg = Release|Any CPU
		{8866FE04-0132-45EB-8CCD-635B718627D1}.Release|Any CPU.Build.0 = Release|Any CPU
		{E958D376-3262-432A-9589-4BB908D71839}.Debug|Any CPU.ActiveCfg = Debug|Any CPU
		{E958D376-3262-432A-9589-4BB908D71839}.Debug|Any CPU.Build.0 = Debug|Any CPU
		{E958D376-3262-432A-9589-4BB908D71839}.Release|Any CPU.ActiveCfg = Release|Any CPU
		{E958D376-3262-432A-9589-4BB908D71839}.Release|Any CPU.Build.0 = Release|Any CPU
		{4161187D-8196-4B54-AE91-D0A322D02D92}.Debug|Any CPU.ActiveCfg = Debug|Any CPU
		{4161187D-8196-4B54-AE91-D0A322D02D92}.Debug|Any CPU.Build.0 = Debug|Any CPU
		{4161187D-8196-4B54-AE91-D0A322D02D92}.Release|Any CPU.ActiveCfg = Release|Any CPU
		{4161187D-8196-4B54-AE91-D0A322D02D92}.Release|Any CPU.Build.0 = Release|Any CPU
		{F8E56A0F-1748-42F3-8854-05C8D47F0333}.Debug|Any CPU.ActiveCfg = Debug|Any CPU
		{F8E56A0F-1748-42F3-8854-05C8D47F0333}.Debug|Any CPU.Build.0 = Debug|Any CPU
		{F8E56A0F-1748-42F3-8854-05C8D47F0333}.Release|Any CPU.ActiveCfg = Release|Any CPU
		{F8E56A0F-1748-42F3-8854-05C8D47F0333}.Release|Any CPU.Build.0 = Release|Any CPU
		{619E271B-C4F4-4904-958E-5A90242E5001}.Debug|Any CPU.ActiveCfg = Debug|Any CPU
		{619E271B-C4F4-4904-958E-5A90242E5001}.Debug|Any CPU.Build.0 = Debug|Any CPU
		{619E271B-C4F4-4904-958E-5A90242E5001}.Release|Any CPU.ActiveCfg = Release|Any CPU
		{619E271B-C4F4-4904-958E-5A90242E5001}.Release|Any CPU.Build.0 = Release|Any CPU
	EndGlobalSection
	GlobalSection(SolutionProperties) = preSolution
		HideSolutionNode = FALSE
	EndGlobalSection
	GlobalSection(NestedProjects) = preSolution
		{45D93C1E-8D67-4CD3-B40A-1B5A19D4BC38} = {E154567C-A804-4377-AE57-1E6DB6B4413A}
		{7DDBEF8D-43FF-4778-9CB3-158DDFEF6EDA} = {FF8A52BA-23E6-4192-A37D-7693642A9BCE}
		{21D5188B-9C09-4372-B143-8E99C917CC02} = {FF8A52BA-23E6-4192-A37D-7693642A9BCE}
		{03AFE959-37FE-49F8-B86F-8D44A0BB5CBE} = {01E2DC68-5BB7-4131-9F15-7669E28F8330}
		{0BCE6CE9-657D-4BEB-A1C7-94CF6E631BD2} = {01E2DC68-5BB7-4131-9F15-7669E28F8330}
		{F0BAB8CC-D627-46C1-BEEB-86ED7E3B090F} = {E154567C-A804-4377-AE57-1E6DB6B4413A}
		{8866FE04-0132-45EB-8CCD-635B718627D1} = {28944775-A0AF-46D4-9480-D6F4189002B7}
		{9D22264B-12E5-4387-AD6F-BF9D4AE42C3C} = {28944775-A0AF-46D4-9480-D6F4189002B7}
		{E958D376-3262-432A-9589-4BB908D71839} = {9D22264B-12E5-4387-AD6F-BF9D4AE42C3C}
		{4161187D-8196-4B54-AE91-D0A322D02D92} = {9D22264B-12E5-4387-AD6F-BF9D4AE42C3C}
		{F8E56A0F-1748-42F3-8854-05C8D47F0333} = {28944775-A0AF-46D4-9480-D6F4189002B7}
		{619E271B-C4F4-4904-958E-5A90242E5001} = {28944775-A0AF-46D4-9480-D6F4189002B7}
	EndGlobalSection
	GlobalSection(ExtensibilityGlobals) = postSolution
		SolutionGuid = {3922BF34-8D0B-4DC1-9EFC-D4CFB948B3B8}
	EndGlobalSection
EndGlobal
