
Microsoft Visual Studio Solution File, Format Version 12.00
# Visual Studio Version 17
VisualStudioVersion = 17.3.32819.101
MinimumVisualStudioVersion = 10.0.40219.1
Project("{9A19103F-16F7-4668-BE54-9A1E7A4F7556}") = "RealmCore.Server", "src\RealmCore.Server\RealmCore.Server.csproj", "{2F28E678-3F92-4314-8DBA-543C494DCEE2}"
EndProject
Project("{2150E333-8FDC-42A3-9474-1A3956D46DE8}") = "Infrastructure", "Infrastructure", "{FF8A52BA-23E6-4192-A37D-7693642A9BCE}"
EndProject
Project("{9A19103F-16F7-4668-BE54-9A1E7A4F7556}") = "RealmCore.Interfaces", "src\RealmCore.Interfaces\RealmCore.Interfaces.csproj", "{83778BBA-6B63-480F-8946-8986396C2756}"
EndProject
Project("{9A19103F-16F7-4668-BE54-9A1E7A4F7556}") = "RealmCore.Tests", "src\RealmCore.Tests\RealmCore.Tests.csproj", "{34808A81-F2EA-4B91-A69C-8B0D47AA02F4}"
EndProject
Project("{2150E333-8FDC-42A3-9474-1A3956D46DE8}") = "Solution Items", "Solution Items", "{1B9BCE9B-D077-4408-820D-BCA7AC3C5400}"
	ProjectSection(SolutionItems) = preProject
		.editorconfig = .editorconfig
	EndProjectSection
EndProject
Project("{2150E333-8FDC-42A3-9474-1A3956D46DE8}") = "Resources", "Resources", "{28944775-A0AF-46D4-9480-D6F4189002B7}"
EndProject
Project("{9A19103F-16F7-4668-BE54-9A1E7A4F7556}") = "RealmCore.Resources.AFK", "src\RealmCore.Resources.AFK\RealmCore.Resources.AFK.csproj", "{A2BD590D-31F8-46CE-861E-D6412B1867E5}"
EndProject
Project("{9A19103F-16F7-4668-BE54-9A1E7A4F7556}") = "RealmCore.Resources.StatisticsCounter", "src\RealmCore.Resources.StatisticsCounter\RealmCore.Resources.StatisticsCounter.csproj", "{34ECCF24-BDCA-487E-8B15-6329EBDFBED9}"
EndProject
Project("{9A19103F-16F7-4668-BE54-9A1E7A4F7556}") = "RealmCore.Resources.Overlay", "src\RealmCore.Resources.Overlay\RealmCore.Resources.Overlay.csproj", "{D8BBA8C9-6737-48A3-8365-4471712A1801}"
EndProject
Project("{9A19103F-16F7-4668-BE54-9A1E7A4F7556}") = "RealmCore.Resources.Assets", "src\RealmCore.Resources.Assets\RealmCore.Resources.Assets.csproj", "{0F9B6AB9-65CA-486F-82C5-89B7F792BA9E}"
EndProject
Project("{9A19103F-16F7-4668-BE54-9A1E7A4F7556}") = "RealmCore.Resources.ClientInterface", "src\RealmCore.Resources.ClientInterface\RealmCore.Resources.ClientInterface.csproj", "{4B8AE376-278E-4579-9522-BD056C7E4136}"
EndProject
Project("{9A19103F-16F7-4668-BE54-9A1E7A4F7556}") = "RealmCore.Resources.Nametags", "src\RealmCore.Resources.Nametags\RealmCore.Resources.Nametags.csproj", "{9F84053A-97C9-42AC-A328-F14817C8FDAB}"
EndProject
Project("{9A19103F-16F7-4668-BE54-9A1E7A4F7556}") = "RealmCore.Resources.Base", "src\RealmCore.Resources.Base\RealmCore.Resources.Base.csproj", "{0DE9EB8D-852E-489C-B283-4A066F9C1867}"
EndProject
Project("{9A19103F-16F7-4668-BE54-9A1E7A4F7556}") = "RealmCore.Resources.ElementOutline", "src\RealmCore.Resources.ElementOutline\RealmCore.Resources.ElementOutline.csproj", "{09E1E794-687D-462C-9CBF-CAC77824185A}"
EndProject
Project("{9A19103F-16F7-4668-BE54-9A1E7A4F7556}") = "RealmCore.MySql", "src\RealmCore.MySql\RealmCore.MySql.csproj", "{5A44DAE0-7FAD-461B-B795-EFBCAAF79D10}"
EndProject
Project("{9A19103F-16F7-4668-BE54-9A1E7A4F7556}") = "RealmCore.Resources.Admin", "src\RealmCore.Resources.Admin\RealmCore.Resources.Admin.csproj", "{A3A3DBD9-2CC5-441E-A1AD-E78DE078C9BC}"
EndProject
Project("{9A19103F-16F7-4668-BE54-9A1E7A4F7556}") = "RealmCore.Persistence", "src\RealmCore.Persistence\RealmCore.Persistence.csproj", "{06466159-618E-45E7-A40B-20ED0D8F0CA7}"
EndProject
Project("{9A19103F-16F7-4668-BE54-9A1E7A4F7556}") = "RealmCore.BlazorGui", "src\RealmCore.BlazorGui\RealmCore.BlazorGui.csproj", "{DE9A730B-0676-45CF-916C-E7A150D6AEC6}"
EndProject
Project("{2150E333-8FDC-42A3-9474-1A3956D46DE8}") = "Examples", "Examples", "{4B0D1AC6-AB10-4A19-B9C0-0A0FA313D0D4}"
EndProject
Project("{9A19103F-16F7-4668-BE54-9A1E7A4F7556}") = "RealmCore.Resources.Browser", "src\RealmCore.Resources.Browser\RealmCore.Resources.Browser.csproj", "{665C5C16-EF6E-46ED-AB21-68C67EAB82F6}"
EndProject
Project("{2150E333-8FDC-42A3-9474-1A3956D46DE8}") = "Tests", "Tests", "{42FD0DCD-B31B-4ADE-8E07-D5E37C2C7248}"
EndProject
Project("{9A19103F-16F7-4668-BE54-9A1E7A4F7556}") = "RealmCore.TestingTools", "src\RealmCore.TestingTools\RealmCore.TestingTools.csproj", "{AD4BEC97-AD44-43EF-A31B-B0918591C728}"
EndProject
Project("{9A19103F-16F7-4668-BE54-9A1E7A4F7556}") = "RealmCore.Resources.MapNames", "src\RealmCore.Resources.MapNames\RealmCore.Resources.MapNames.csproj", "{47E9F963-D963-41B4-B552-7202F67AB6D1}"
EndProject
Project("{9A19103F-16F7-4668-BE54-9A1E7A4F7556}") = "RealmCore.WebHosting", "src\RealmCore.WebHosting\RealmCore.WebHosting.csproj", "{DD135521-D23A-4B48-9380-3472CFB2E8D5}"
EndProject
Project("{FAE04EC0-301F-11D3-BF4B-00C04F79EFBC}") = "RealmServer", "src\RealmServer\RealmServer.csproj", "{B755CA17-BAAA-4F38-B8F4-BF6326ACB524}"
EndProject
Global
	GlobalSection(SolutionConfigurationPlatforms) = preSolution
		Debug|Any CPU = Debug|Any CPU
		Debug|x64 = Debug|x64
		Release|Any CPU = Release|Any CPU
		Release|x64 = Release|x64
	EndGlobalSection
	GlobalSection(ProjectConfigurationPlatforms) = postSolution
		{2F28E678-3F92-4314-8DBA-543C494DCEE2}.Debug|Any CPU.ActiveCfg = Debug|Any CPU
		{2F28E678-3F92-4314-8DBA-543C494DCEE2}.Debug|Any CPU.Build.0 = Debug|Any CPU
		{2F28E678-3F92-4314-8DBA-543C494DCEE2}.Debug|x64.ActiveCfg = Debug|x64
		{2F28E678-3F92-4314-8DBA-543C494DCEE2}.Debug|x64.Build.0 = Debug|x64
		{2F28E678-3F92-4314-8DBA-543C494DCEE2}.Release|Any CPU.ActiveCfg = Release|Any CPU
		{2F28E678-3F92-4314-8DBA-543C494DCEE2}.Release|Any CPU.Build.0 = Release|Any CPU
		{2F28E678-3F92-4314-8DBA-543C494DCEE2}.Release|x64.ActiveCfg = Release|x64
		{2F28E678-3F92-4314-8DBA-543C494DCEE2}.Release|x64.Build.0 = Release|x64
		{83778BBA-6B63-480F-8946-8986396C2756}.Debug|Any CPU.ActiveCfg = Debug|Any CPU
		{83778BBA-6B63-480F-8946-8986396C2756}.Debug|Any CPU.Build.0 = Debug|Any CPU
		{83778BBA-6B63-480F-8946-8986396C2756}.Debug|x64.ActiveCfg = Debug|x64
		{83778BBA-6B63-480F-8946-8986396C2756}.Debug|x64.Build.0 = Debug|x64
		{83778BBA-6B63-480F-8946-8986396C2756}.Release|Any CPU.ActiveCfg = Release|Any CPU
		{83778BBA-6B63-480F-8946-8986396C2756}.Release|Any CPU.Build.0 = Release|Any CPU
		{83778BBA-6B63-480F-8946-8986396C2756}.Release|x64.ActiveCfg = Release|x64
		{83778BBA-6B63-480F-8946-8986396C2756}.Release|x64.Build.0 = Release|x64
		{34808A81-F2EA-4B91-A69C-8B0D47AA02F4}.Debug|Any CPU.ActiveCfg = Debug|Any CPU
		{34808A81-F2EA-4B91-A69C-8B0D47AA02F4}.Debug|Any CPU.Build.0 = Debug|Any CPU
		{34808A81-F2EA-4B91-A69C-8B0D47AA02F4}.Debug|x64.ActiveCfg = Debug|x64
		{34808A81-F2EA-4B91-A69C-8B0D47AA02F4}.Debug|x64.Build.0 = Debug|x64
		{34808A81-F2EA-4B91-A69C-8B0D47AA02F4}.Release|Any CPU.ActiveCfg = Release|Any CPU
		{34808A81-F2EA-4B91-A69C-8B0D47AA02F4}.Release|Any CPU.Build.0 = Release|Any CPU
		{34808A81-F2EA-4B91-A69C-8B0D47AA02F4}.Release|x64.ActiveCfg = Release|x64
		{34808A81-F2EA-4B91-A69C-8B0D47AA02F4}.Release|x64.Build.0 = Release|x64
		{A2BD590D-31F8-46CE-861E-D6412B1867E5}.Debug|Any CPU.ActiveCfg = Debug|Any CPU
		{A2BD590D-31F8-46CE-861E-D6412B1867E5}.Debug|Any CPU.Build.0 = Debug|Any CPU
		{A2BD590D-31F8-46CE-861E-D6412B1867E5}.Debug|x64.ActiveCfg = Debug|x64
		{A2BD590D-31F8-46CE-861E-D6412B1867E5}.Debug|x64.Build.0 = Debug|x64
		{A2BD590D-31F8-46CE-861E-D6412B1867E5}.Release|Any CPU.ActiveCfg = Release|Any CPU
		{A2BD590D-31F8-46CE-861E-D6412B1867E5}.Release|Any CPU.Build.0 = Release|Any CPU
		{A2BD590D-31F8-46CE-861E-D6412B1867E5}.Release|x64.ActiveCfg = Release|x64
		{A2BD590D-31F8-46CE-861E-D6412B1867E5}.Release|x64.Build.0 = Release|x64
		{34ECCF24-BDCA-487E-8B15-6329EBDFBED9}.Debug|Any CPU.ActiveCfg = Debug|Any CPU
		{34ECCF24-BDCA-487E-8B15-6329EBDFBED9}.Debug|Any CPU.Build.0 = Debug|Any CPU
		{34ECCF24-BDCA-487E-8B15-6329EBDFBED9}.Debug|x64.ActiveCfg = Debug|x64
		{34ECCF24-BDCA-487E-8B15-6329EBDFBED9}.Debug|x64.Build.0 = Debug|x64
		{34ECCF24-BDCA-487E-8B15-6329EBDFBED9}.Release|Any CPU.ActiveCfg = Release|Any CPU
		{34ECCF24-BDCA-487E-8B15-6329EBDFBED9}.Release|Any CPU.Build.0 = Release|Any CPU
		{34ECCF24-BDCA-487E-8B15-6329EBDFBED9}.Release|x64.ActiveCfg = Release|x64
		{34ECCF24-BDCA-487E-8B15-6329EBDFBED9}.Release|x64.Build.0 = Release|x64
		{D8BBA8C9-6737-48A3-8365-4471712A1801}.Debug|Any CPU.ActiveCfg = Debug|Any CPU
		{D8BBA8C9-6737-48A3-8365-4471712A1801}.Debug|Any CPU.Build.0 = Debug|Any CPU
		{D8BBA8C9-6737-48A3-8365-4471712A1801}.Debug|x64.ActiveCfg = Debug|x64
		{D8BBA8C9-6737-48A3-8365-4471712A1801}.Debug|x64.Build.0 = Debug|x64
		{D8BBA8C9-6737-48A3-8365-4471712A1801}.Release|Any CPU.ActiveCfg = Release|Any CPU
		{D8BBA8C9-6737-48A3-8365-4471712A1801}.Release|Any CPU.Build.0 = Release|Any CPU
		{D8BBA8C9-6737-48A3-8365-4471712A1801}.Release|x64.ActiveCfg = Release|x64
		{D8BBA8C9-6737-48A3-8365-4471712A1801}.Release|x64.Build.0 = Release|x64
		{0F9B6AB9-65CA-486F-82C5-89B7F792BA9E}.Debug|Any CPU.ActiveCfg = Debug|Any CPU
		{0F9B6AB9-65CA-486F-82C5-89B7F792BA9E}.Debug|Any CPU.Build.0 = Debug|Any CPU
		{0F9B6AB9-65CA-486F-82C5-89B7F792BA9E}.Debug|x64.ActiveCfg = Debug|x64
		{0F9B6AB9-65CA-486F-82C5-89B7F792BA9E}.Debug|x64.Build.0 = Debug|x64
		{0F9B6AB9-65CA-486F-82C5-89B7F792BA9E}.Release|Any CPU.ActiveCfg = Release|Any CPU
		{0F9B6AB9-65CA-486F-82C5-89B7F792BA9E}.Release|Any CPU.Build.0 = Release|Any CPU
		{0F9B6AB9-65CA-486F-82C5-89B7F792BA9E}.Release|x64.ActiveCfg = Release|x64
		{0F9B6AB9-65CA-486F-82C5-89B7F792BA9E}.Release|x64.Build.0 = Release|x64
		{4B8AE376-278E-4579-9522-BD056C7E4136}.Debug|Any CPU.ActiveCfg = Debug|Any CPU
		{4B8AE376-278E-4579-9522-BD056C7E4136}.Debug|Any CPU.Build.0 = Debug|Any CPU
		{4B8AE376-278E-4579-9522-BD056C7E4136}.Debug|x64.ActiveCfg = Debug|x64
		{4B8AE376-278E-4579-9522-BD056C7E4136}.Debug|x64.Build.0 = Debug|x64
		{4B8AE376-278E-4579-9522-BD056C7E4136}.Release|Any CPU.ActiveCfg = Release|Any CPU
		{4B8AE376-278E-4579-9522-BD056C7E4136}.Release|Any CPU.Build.0 = Release|Any CPU
		{4B8AE376-278E-4579-9522-BD056C7E4136}.Release|x64.ActiveCfg = Release|x64
		{4B8AE376-278E-4579-9522-BD056C7E4136}.Release|x64.Build.0 = Release|x64
		{9F84053A-97C9-42AC-A328-F14817C8FDAB}.Debug|Any CPU.ActiveCfg = Debug|Any CPU
		{9F84053A-97C9-42AC-A328-F14817C8FDAB}.Debug|Any CPU.Build.0 = Debug|Any CPU
		{9F84053A-97C9-42AC-A328-F14817C8FDAB}.Debug|x64.ActiveCfg = Debug|x64
		{9F84053A-97C9-42AC-A328-F14817C8FDAB}.Debug|x64.Build.0 = Debug|x64
		{9F84053A-97C9-42AC-A328-F14817C8FDAB}.Release|Any CPU.ActiveCfg = Release|Any CPU
		{9F84053A-97C9-42AC-A328-F14817C8FDAB}.Release|Any CPU.Build.0 = Release|Any CPU
		{9F84053A-97C9-42AC-A328-F14817C8FDAB}.Release|x64.ActiveCfg = Release|x64
		{9F84053A-97C9-42AC-A328-F14817C8FDAB}.Release|x64.Build.0 = Release|x64
		{0DE9EB8D-852E-489C-B283-4A066F9C1867}.Debug|Any CPU.ActiveCfg = Debug|Any CPU
		{0DE9EB8D-852E-489C-B283-4A066F9C1867}.Debug|Any CPU.Build.0 = Debug|Any CPU
		{0DE9EB8D-852E-489C-B283-4A066F9C1867}.Debug|x64.ActiveCfg = Debug|x64
		{0DE9EB8D-852E-489C-B283-4A066F9C1867}.Debug|x64.Build.0 = Debug|x64
		{0DE9EB8D-852E-489C-B283-4A066F9C1867}.Release|Any CPU.ActiveCfg = Release|Any CPU
		{0DE9EB8D-852E-489C-B283-4A066F9C1867}.Release|Any CPU.Build.0 = Release|Any CPU
		{0DE9EB8D-852E-489C-B283-4A066F9C1867}.Release|x64.ActiveCfg = Release|x64
		{0DE9EB8D-852E-489C-B283-4A066F9C1867}.Release|x64.Build.0 = Release|x64
		{09E1E794-687D-462C-9CBF-CAC77824185A}.Debug|Any CPU.ActiveCfg = Debug|Any CPU
		{09E1E794-687D-462C-9CBF-CAC77824185A}.Debug|Any CPU.Build.0 = Debug|Any CPU
		{09E1E794-687D-462C-9CBF-CAC77824185A}.Debug|x64.ActiveCfg = Debug|x64
		{09E1E794-687D-462C-9CBF-CAC77824185A}.Debug|x64.Build.0 = Debug|x64
		{09E1E794-687D-462C-9CBF-CAC77824185A}.Release|Any CPU.ActiveCfg = Release|Any CPU
		{09E1E794-687D-462C-9CBF-CAC77824185A}.Release|Any CPU.Build.0 = Release|Any CPU
		{09E1E794-687D-462C-9CBF-CAC77824185A}.Release|x64.ActiveCfg = Release|x64
		{09E1E794-687D-462C-9CBF-CAC77824185A}.Release|x64.Build.0 = Release|x64
		{5A44DAE0-7FAD-461B-B795-EFBCAAF79D10}.Debug|Any CPU.ActiveCfg = Debug|Any CPU
		{5A44DAE0-7FAD-461B-B795-EFBCAAF79D10}.Debug|Any CPU.Build.0 = Debug|Any CPU
		{5A44DAE0-7FAD-461B-B795-EFBCAAF79D10}.Debug|x64.ActiveCfg = Debug|x64
		{5A44DAE0-7FAD-461B-B795-EFBCAAF79D10}.Debug|x64.Build.0 = Debug|x64
		{5A44DAE0-7FAD-461B-B795-EFBCAAF79D10}.Release|Any CPU.ActiveCfg = Release|Any CPU
		{5A44DAE0-7FAD-461B-B795-EFBCAAF79D10}.Release|Any CPU.Build.0 = Release|Any CPU
		{5A44DAE0-7FAD-461B-B795-EFBCAAF79D10}.Release|x64.ActiveCfg = Release|x64
		{5A44DAE0-7FAD-461B-B795-EFBCAAF79D10}.Release|x64.Build.0 = Release|x64
		{A3A3DBD9-2CC5-441E-A1AD-E78DE078C9BC}.Debug|Any CPU.ActiveCfg = Debug|Any CPU
		{A3A3DBD9-2CC5-441E-A1AD-E78DE078C9BC}.Debug|Any CPU.Build.0 = Debug|Any CPU
		{A3A3DBD9-2CC5-441E-A1AD-E78DE078C9BC}.Debug|x64.ActiveCfg = Debug|x64
		{A3A3DBD9-2CC5-441E-A1AD-E78DE078C9BC}.Debug|x64.Build.0 = Debug|x64
		{A3A3DBD9-2CC5-441E-A1AD-E78DE078C9BC}.Release|Any CPU.ActiveCfg = Release|Any CPU
		{A3A3DBD9-2CC5-441E-A1AD-E78DE078C9BC}.Release|Any CPU.Build.0 = Release|Any CPU
		{A3A3DBD9-2CC5-441E-A1AD-E78DE078C9BC}.Release|x64.ActiveCfg = Release|x64
		{A3A3DBD9-2CC5-441E-A1AD-E78DE078C9BC}.Release|x64.Build.0 = Release|x64
		{06466159-618E-45E7-A40B-20ED0D8F0CA7}.Debug|Any CPU.ActiveCfg = Debug|Any CPU
		{06466159-618E-45E7-A40B-20ED0D8F0CA7}.Debug|Any CPU.Build.0 = Debug|Any CPU
		{06466159-618E-45E7-A40B-20ED0D8F0CA7}.Debug|x64.ActiveCfg = Debug|x64
		{06466159-618E-45E7-A40B-20ED0D8F0CA7}.Debug|x64.Build.0 = Debug|x64
		{06466159-618E-45E7-A40B-20ED0D8F0CA7}.Release|Any CPU.ActiveCfg = Release|Any CPU
		{06466159-618E-45E7-A40B-20ED0D8F0CA7}.Release|Any CPU.Build.0 = Release|Any CPU
		{06466159-618E-45E7-A40B-20ED0D8F0CA7}.Release|x64.ActiveCfg = Release|x64
		{06466159-618E-45E7-A40B-20ED0D8F0CA7}.Release|x64.Build.0 = Release|x64
		{DE9A730B-0676-45CF-916C-E7A150D6AEC6}.Debug|Any CPU.ActiveCfg = Debug|Any CPU
		{DE9A730B-0676-45CF-916C-E7A150D6AEC6}.Debug|Any CPU.Build.0 = Debug|Any CPU
		{DE9A730B-0676-45CF-916C-E7A150D6AEC6}.Debug|x64.ActiveCfg = Debug|Any CPU
		{DE9A730B-0676-45CF-916C-E7A150D6AEC6}.Debug|x64.Build.0 = Debug|Any CPU
		{DE9A730B-0676-45CF-916C-E7A150D6AEC6}.Release|Any CPU.ActiveCfg = Release|Any CPU
		{DE9A730B-0676-45CF-916C-E7A150D6AEC6}.Release|Any CPU.Build.0 = Release|Any CPU
		{DE9A730B-0676-45CF-916C-E7A150D6AEC6}.Release|x64.ActiveCfg = Release|Any CPU
		{DE9A730B-0676-45CF-916C-E7A150D6AEC6}.Release|x64.Build.0 = Release|Any CPU
		{665C5C16-EF6E-46ED-AB21-68C67EAB82F6}.Debug|Any CPU.ActiveCfg = Debug|Any CPU
		{665C5C16-EF6E-46ED-AB21-68C67EAB82F6}.Debug|Any CPU.Build.0 = Debug|Any CPU
		{665C5C16-EF6E-46ED-AB21-68C67EAB82F6}.Debug|x64.ActiveCfg = Debug|x64
		{665C5C16-EF6E-46ED-AB21-68C67EAB82F6}.Debug|x64.Build.0 = Debug|x64
		{665C5C16-EF6E-46ED-AB21-68C67EAB82F6}.Release|Any CPU.ActiveCfg = Release|Any CPU
		{665C5C16-EF6E-46ED-AB21-68C67EAB82F6}.Release|Any CPU.Build.0 = Release|Any CPU
		{665C5C16-EF6E-46ED-AB21-68C67EAB82F6}.Release|x64.ActiveCfg = Release|x64
		{665C5C16-EF6E-46ED-AB21-68C67EAB82F6}.Release|x64.Build.0 = Release|x64
		{AD4BEC97-AD44-43EF-A31B-B0918591C728}.Debug|Any CPU.ActiveCfg = Debug|Any CPU
		{AD4BEC97-AD44-43EF-A31B-B0918591C728}.Debug|Any CPU.Build.0 = Debug|Any CPU
		{AD4BEC97-AD44-43EF-A31B-B0918591C728}.Debug|x64.ActiveCfg = Debug|Any CPU
		{AD4BEC97-AD44-43EF-A31B-B0918591C728}.Debug|x64.Build.0 = Debug|Any CPU
		{AD4BEC97-AD44-43EF-A31B-B0918591C728}.Release|Any CPU.ActiveCfg = Release|Any CPU
		{AD4BEC97-AD44-43EF-A31B-B0918591C728}.Release|Any CPU.Build.0 = Release|Any CPU
		{AD4BEC97-AD44-43EF-A31B-B0918591C728}.Release|x64.ActiveCfg = Release|Any CPU
		{AD4BEC97-AD44-43EF-A31B-B0918591C728}.Release|x64.Build.0 = Release|Any CPU
		{47E9F963-D963-41B4-B552-7202F67AB6D1}.Debug|Any CPU.ActiveCfg = Debug|Any CPU
		{47E9F963-D963-41B4-B552-7202F67AB6D1}.Debug|Any CPU.Build.0 = Debug|Any CPU
		{47E9F963-D963-41B4-B552-7202F67AB6D1}.Debug|x64.ActiveCfg = Debug|Any CPU
		{47E9F963-D963-41B4-B552-7202F67AB6D1}.Debug|x64.Build.0 = Debug|Any CPU
		{47E9F963-D963-41B4-B552-7202F67AB6D1}.Release|Any CPU.ActiveCfg = Release|Any CPU
		{47E9F963-D963-41B4-B552-7202F67AB6D1}.Release|Any CPU.Build.0 = Release|Any CPU
		{47E9F963-D963-41B4-B552-7202F67AB6D1}.Release|x64.ActiveCfg = Release|Any CPU
		{47E9F963-D963-41B4-B552-7202F67AB6D1}.Release|x64.Build.0 = Release|Any CPU
		{DD135521-D23A-4B48-9380-3472CFB2E8D5}.Debug|Any CPU.ActiveCfg = Debug|Any CPU
		{DD135521-D23A-4B48-9380-3472CFB2E8D5}.Debug|Any CPU.Build.0 = Debug|Any CPU
		{DD135521-D23A-4B48-9380-3472CFB2E8D5}.Debug|x64.ActiveCfg = Debug|Any CPU
		{DD135521-D23A-4B48-9380-3472CFB2E8D5}.Debug|x64.Build.0 = Debug|Any CPU
		{DD135521-D23A-4B48-9380-3472CFB2E8D5}.Release|Any CPU.ActiveCfg = Release|Any CPU
		{DD135521-D23A-4B48-9380-3472CFB2E8D5}.Release|Any CPU.Build.0 = Release|Any CPU
		{DD135521-D23A-4B48-9380-3472CFB2E8D5}.Release|x64.ActiveCfg = Release|Any CPU
		{DD135521-D23A-4B48-9380-3472CFB2E8D5}.Release|x64.Build.0 = Release|Any CPU
		{B755CA17-BAAA-4F38-B8F4-BF6326ACB524}.Debug|Any CPU.ActiveCfg = Debug|Any CPU
		{B755CA17-BAAA-4F38-B8F4-BF6326ACB524}.Debug|Any CPU.Build.0 = Debug|Any CPU
		{B755CA17-BAAA-4F38-B8F4-BF6326ACB524}.Debug|x64.ActiveCfg = Debug|Any CPU
		{B755CA17-BAAA-4F38-B8F4-BF6326ACB524}.Debug|x64.Build.0 = Debug|Any CPU
		{B755CA17-BAAA-4F38-B8F4-BF6326ACB524}.Release|Any CPU.ActiveCfg = Release|Any CPU
		{B755CA17-BAAA-4F38-B8F4-BF6326ACB524}.Release|Any CPU.Build.0 = Release|Any CPU
		{B755CA17-BAAA-4F38-B8F4-BF6326ACB524}.Release|x64.ActiveCfg = Release|Any CPU
		{B755CA17-BAAA-4F38-B8F4-BF6326ACB524}.Release|x64.Build.0 = Release|Any CPU
	EndGlobalSection
	GlobalSection(SolutionProperties) = preSolution
		HideSolutionNode = FALSE
	EndGlobalSection
	GlobalSection(NestedProjects) = preSolution
		{34808A81-F2EA-4B91-A69C-8B0D47AA02F4} = {42FD0DCD-B31B-4ADE-8E07-D5E37C2C7248}
		{A2BD590D-31F8-46CE-861E-D6412B1867E5} = {28944775-A0AF-46D4-9480-D6F4189002B7}
		{34ECCF24-BDCA-487E-8B15-6329EBDFBED9} = {28944775-A0AF-46D4-9480-D6F4189002B7}
		{D8BBA8C9-6737-48A3-8365-4471712A1801} = {28944775-A0AF-46D4-9480-D6F4189002B7}
		{0F9B6AB9-65CA-486F-82C5-89B7F792BA9E} = {28944775-A0AF-46D4-9480-D6F4189002B7}
		{4B8AE376-278E-4579-9522-BD056C7E4136} = {28944775-A0AF-46D4-9480-D6F4189002B7}
		{9F84053A-97C9-42AC-A328-F14817C8FDAB} = {28944775-A0AF-46D4-9480-D6F4189002B7}
		{0DE9EB8D-852E-489C-B283-4A066F9C1867} = {28944775-A0AF-46D4-9480-D6F4189002B7}
		{09E1E794-687D-462C-9CBF-CAC77824185A} = {28944775-A0AF-46D4-9480-D6F4189002B7}
		{5A44DAE0-7FAD-461B-B795-EFBCAAF79D10} = {FF8A52BA-23E6-4192-A37D-7693642A9BCE}
		{A3A3DBD9-2CC5-441E-A1AD-E78DE078C9BC} = {28944775-A0AF-46D4-9480-D6F4189002B7}
		{06466159-618E-45E7-A40B-20ED0D8F0CA7} = {FF8A52BA-23E6-4192-A37D-7693642A9BCE}
		{DE9A730B-0676-45CF-916C-E7A150D6AEC6} = {4B0D1AC6-AB10-4A19-B9C0-0A0FA313D0D4}
		{665C5C16-EF6E-46ED-AB21-68C67EAB82F6} = {28944775-A0AF-46D4-9480-D6F4189002B7}
		{AD4BEC97-AD44-43EF-A31B-B0918591C728} = {42FD0DCD-B31B-4ADE-8E07-D5E37C2C7248}
		{47E9F963-D963-41B4-B552-7202F67AB6D1} = {28944775-A0AF-46D4-9480-D6F4189002B7}
	EndGlobalSection
	GlobalSection(ExtensibilityGlobals) = postSolution
		SolutionGuid = {3922BF34-8D0B-4DC1-9EFC-D4CFB948B3B8}
	EndGlobalSection
EndGlobal
